
Microsoft Visual Studio Solution File, Format Version 12.00
# Visual Studio Version 17
VisualStudioVersion = 17.5.33530.505
MinimumVisualStudioVersion = 10.0.40219.1
Project("{FAE04EC0-301F-11D3-BF4B-00C04F79EFBC}") = "Repositorio", "Repositorio\Repositorio.csproj", "{08FFCC78-887D-43C7-90E1-E8E20D3A9D90}"
EndProject
Global
	GlobalSection(SolutionConfigurationPlatforms) = preSolution
		Debug|Any CPU = Debug|Any CPU
		Release|Any CPU = Release|Any CPU
	EndGlobalSection
	GlobalSection(ProjectConfigurationPlatforms) = postSolution
		{08FFCC78-887D-43C7-90E1-E8E20D3A9D90}.Debug|Any CPU.ActiveCfg = Debug|Any CPU
		{08FFCC78-887D-43C7-90E1-E8E20D3A9D90}.Debug|Any CPU.Build.0 = Debug|Any CPU
		{08FFCC78-887D-43C7-90E1-E8E20D3A9D90}.Release|Any CPU.ActiveCfg = Release|Any CPU
		{08FFCC78-887D-43C7-90E1-E8E20D3A9D90}.Release|Any CPU.Build.0 = Release|Any CPU
	EndGlobalSection
	GlobalSection(SolutionProperties) = preSolution
		HideSolutionNode = FALSE
	EndGlobalSection
	GlobalSection(ExtensibilityGlobals) = postSolution
		SolutionGuid = {17327C69-DABF-4C7E-8E99-C75C389B6A14}
	EndGlobalSection
EndGlobal
